
Microsoft Visual Studio Solution File, Format Version 12.00
# Visual Studio 2013
VisualStudioVersion = 12.0.30723.0
MinimumVisualStudioVersion = 10.0.40219.1
Project("{FAE04EC0-301F-11D3-BF4B-00C04F79EFBC}") = "CreditCardValidation.iOS", "CreditCardValidation.iOS\CreditCardValidation.iOS.csproj", "{123DF1F8-5307-4ECF-BCB6-941FA24B0AFC}"
EndProject
Project("{FAE04EC0-301F-11D3-BF4B-00C04F79EFBC}") = "CreditCardValidation.Droid", "CreditCardValidation.Droid\CreditCardValidation.Droid.csproj", "{268808CD-AFEC-4E7F-AA51-5D972C0678CA}"
EndProject
Project("{D954291E-2A0B-460D-934E-DC6B0785DB48}") = "CreditCardValidation.Shared", "CreditCardValidation.Shared\CreditCardValidation.Shared.shproj", "{2B07F7C4-D477-4C77-805D-BA73C6A8B287}"
EndProject
Project("{FAE04EC0-301F-11D3-BF4B-00C04F79EFBC}") = "CreditCardValidation.Windows", "CreditCardValidation.Windows\CreditCardValidation.Windows.csproj", "{4C16D330-1A90-4BF1-886D-FA7FCF6676F2}"
EndProject
Project("{FAE04EC0-301F-11D3-BF4B-00C04F79EFBC}") = "CreditCardValidation.WindowsPhone", "CreditCardValidation.WindowsPhone\CreditCardValidation.WindowsPhone.csproj", "{73452575-4410-449D-B0DE-808D72885C3B}"
EndProject
Global
	GlobalSection(SharedMSBuildProjectFiles) = preSolution
		CreditCardValidation.Shared\CreditCardValidation.Shared.projitems*{4c16d330-1a90-4bf1-886d-fa7fcf6676f2}*SharedItemsImports = 4
		CreditCardValidation.Shared\CreditCardValidation.Shared.projitems*{73452575-4410-449d-b0de-808d72885c3b}*SharedItemsImports = 4
		CreditCardValidation.Shared\CreditCardValidation.Shared.projitems*{268808cd-afec-4e7f-aa51-5d972c0678ca}*SharedItemsImports = 4
		CreditCardValidation.Shared\CreditCardValidation.Shared.projitems*{123df1f8-5307-4ecf-bcb6-941fa24b0afc}*SharedItemsImports = 4
		CreditCardValidation.Shared\CreditCardValidation.Shared.projitems*{2b07f7c4-d477-4c77-805d-ba73c6a8b287}*SharedItemsImports = 13
	EndGlobalSection
	GlobalSection(SolutionConfigurationPlatforms) = preSolution
		Ad-Hoc|Any CPU = Ad-Hoc|Any CPU
		Ad-Hoc|ARM = Ad-Hoc|ARM
		Ad-Hoc|iPhone = Ad-Hoc|iPhone
		Ad-Hoc|iPhoneSimulator = Ad-Hoc|iPhoneSimulator
		Ad-Hoc|Mixed Platforms = Ad-Hoc|Mixed Platforms
		Ad-Hoc|x64 = Ad-Hoc|x64
		Ad-Hoc|x86 = Ad-Hoc|x86
		AppStore|Any CPU = AppStore|Any CPU
		AppStore|ARM = AppStore|ARM
		AppStore|iPhone = AppStore|iPhone
		AppStore|iPhoneSimulator = AppStore|iPhoneSimulator
		AppStore|Mixed Platforms = AppStore|Mixed Platforms
		AppStore|x64 = AppStore|x64
		AppStore|x86 = AppStore|x86
		Debug|Any CPU = Debug|Any CPU
		Debug|ARM = Debug|ARM
		Debug|iPhone = Debug|iPhone
		Debug|iPhoneSimulator = Debug|iPhoneSimulator
		Debug|Mixed Platforms = Debug|Mixed Platforms
		Debug|x64 = Debug|x64
		Debug|x86 = Debug|x86
		Release|Any CPU = Release|Any CPU
		Release|ARM = Release|ARM
		Release|iPhone = Release|iPhone
		Release|iPhoneSimulator = Release|iPhoneSimulator
		Release|Mixed Platforms = Release|Mixed Platforms
		Release|x64 = Release|x64
		Release|x86 = Release|x86
	EndGlobalSection
	GlobalSection(ProjectConfigurationPlatforms) = postSolution
		{123DF1F8-5307-4ECF-BCB6-941FA24B0AFC}.Ad-Hoc|Any CPU.ActiveCfg = Ad-Hoc|iPhoneSimulator
		{123DF1F8-5307-4ECF-BCB6-941FA24B0AFC}.Ad-Hoc|ARM.ActiveCfg = Ad-Hoc|iPhone
		{123DF1F8-5307-4ECF-BCB6-941FA24B0AFC}.Ad-Hoc|iPhone.ActiveCfg = Ad-Hoc|iPhone
		{123DF1F8-5307-4ECF-BCB6-941FA24B0AFC}.Ad-Hoc|iPhone.Build.0 = Ad-Hoc|iPhone
		{123DF1F8-5307-4ECF-BCB6-941FA24B0AFC}.Ad-Hoc|iPhoneSimulator.ActiveCfg = Ad-Hoc|iPhoneSimulator
		{123DF1F8-5307-4ECF-BCB6-941FA24B0AFC}.Ad-Hoc|iPhoneSimulator.Build.0 = Ad-Hoc|iPhoneSimulator
		{123DF1F8-5307-4ECF-BCB6-941FA24B0AFC}.Ad-Hoc|iPhoneSimulator.Deploy.0 = Ad-Hoc|iPhoneSimulator
		{123DF1F8-5307-4ECF-BCB6-941FA24B0AFC}.Ad-Hoc|Mixed Platforms.ActiveCfg = Ad-Hoc|iPhoneSimulator
		{123DF1F8-5307-4ECF-BCB6-941FA24B0AFC}.Ad-Hoc|Mixed Platforms.Build.0 = Ad-Hoc|iPhoneSimulator
		{123DF1F8-5307-4ECF-BCB6-941FA24B0AFC}.Ad-Hoc|x64.ActiveCfg = Ad-Hoc|iPhone
		{123DF1F8-5307-4ECF-BCB6-941FA24B0AFC}.Ad-Hoc|x86.ActiveCfg = Ad-Hoc|iPhone
		{123DF1F8-5307-4ECF-BCB6-941FA24B0AFC}.AppStore|Any CPU.ActiveCfg = AppStore|iPhoneSimulator
		{123DF1F8-5307-4ECF-BCB6-941FA24B0AFC}.AppStore|ARM.ActiveCfg = AppStore|iPhone
		{123DF1F8-5307-4ECF-BCB6-941FA24B0AFC}.AppStore|iPhone.ActiveCfg = AppStore|iPhone
		{123DF1F8-5307-4ECF-BCB6-941FA24B0AFC}.AppStore|iPhone.Build.0 = AppStore|iPhone
		{123DF1F8-5307-4ECF-BCB6-941FA24B0AFC}.AppStore|iPhoneSimulator.ActiveCfg = AppStore|iPhoneSimulator
		{123DF1F8-5307-4ECF-BCB6-941FA24B0AFC}.AppStore|iPhoneSimulator.Build.0 = AppStore|iPhoneSimulator
		{123DF1F8-5307-4ECF-BCB6-941FA24B0AFC}.AppStore|iPhoneSimulator.Deploy.0 = AppStore|iPhoneSimulator
		{123DF1F8-5307-4ECF-BCB6-941FA24B0AFC}.AppStore|Mixed Platforms.ActiveCfg = AppStore|iPhoneSimulator
		{123DF1F8-5307-4ECF-BCB6-941FA24B0AFC}.AppStore|Mixed Platforms.Build.0 = AppStore|iPhoneSimulator
		{123DF1F8-5307-4ECF-BCB6-941FA24B0AFC}.AppStore|x64.ActiveCfg = AppStore|iPhone
		{123DF1F8-5307-4ECF-BCB6-941FA24B0AFC}.AppStore|x86.ActiveCfg = AppStore|iPhone
		{123DF1F8-5307-4ECF-BCB6-941FA24B0AFC}.Debug|Any CPU.ActiveCfg = Debug|iPhoneSimulator
		{123DF1F8-5307-4ECF-BCB6-941FA24B0AFC}.Debug|ARM.ActiveCfg = Debug|iPhone
		{123DF1F8-5307-4ECF-BCB6-941FA24B0AFC}.Debug|iPhone.ActiveCfg = Debug|iPhone
		{123DF1F8-5307-4ECF-BCB6-941FA24B0AFC}.Debug|iPhone.Build.0 = Debug|iPhone
		{123DF1F8-5307-4ECF-BCB6-941FA24B0AFC}.Debug|iPhoneSimulator.ActiveCfg = Debug|iPhoneSimulator
		{123DF1F8-5307-4ECF-BCB6-941FA24B0AFC}.Debug|iPhoneSimulator.Build.0 = Debug|iPhoneSimulator
		{123DF1F8-5307-4ECF-BCB6-941FA24B0AFC}.Debug|Mixed Platforms.ActiveCfg = Debug|iPhoneSimulator
		{123DF1F8-5307-4ECF-BCB6-941FA24B0AFC}.Debug|Mixed Platforms.Build.0 = Debug|iPhoneSimulator
		{123DF1F8-5307-4ECF-BCB6-941FA24B0AFC}.Debug|x64.ActiveCfg = Debug|iPhone
		{123DF1F8-5307-4ECF-BCB6-941FA24B0AFC}.Debug|x86.ActiveCfg = Debug|iPhone
		{123DF1F8-5307-4ECF-BCB6-941FA24B0AFC}.Release|Any CPU.ActiveCfg = Release|iPhoneSimulator
		{123DF1F8-5307-4ECF-BCB6-941FA24B0AFC}.Release|ARM.ActiveCfg = Release|iPhone
		{123DF1F8-5307-4ECF-BCB6-941FA24B0AFC}.Release|iPhone.ActiveCfg = Release|iPhone
		{123DF1F8-5307-4ECF-BCB6-941FA24B0AFC}.Release|iPhone.Build.0 = Release|iPhone
		{123DF1F8-5307-4ECF-BCB6-941FA24B0AFC}.Release|iPhoneSimulator.ActiveCfg = Release|iPhoneSimulator
		{123DF1F8-5307-4ECF-BCB6-941FA24B0AFC}.Release|iPhoneSimulator.Build.0 = Release|iPhoneSimulator
		{123DF1F8-5307-4ECF-BCB6-941FA24B0AFC}.Release|Mixed Platforms.ActiveCfg = Release|iPhoneSimulator
		{123DF1F8-5307-4ECF-BCB6-941FA24B0AFC}.Release|Mixed Platforms.Build.0 = Release|iPhoneSimulator
		{123DF1F8-5307-4ECF-BCB6-941FA24B0AFC}.Release|x64.ActiveCfg = Release|iPhone
		{123DF1F8-5307-4ECF-BCB6-941FA24B0AFC}.Release|x86.ActiveCfg = Release|iPhone
		{268808CD-AFEC-4E7F-AA51-5D972C0678CA}.Ad-Hoc|Any CPU.ActiveCfg = Debug|Any CPU
		{268808CD-AFEC-4E7F-AA51-5D972C0678CA}.Ad-Hoc|Any CPU.Build.0 = Debug|Any CPU
		{268808CD-AFEC-4E7F-AA51-5D972C0678CA}.Ad-Hoc|Any CPU.Deploy.0 = Debug|Any CPU
		{268808CD-AFEC-4E7F-AA51-5D972C0678CA}.Ad-Hoc|ARM.ActiveCfg = Release|Any CPU
		{268808CD-AFEC-4E7F-AA51-5D972C0678CA}.Ad-Hoc|iPhone.ActiveCfg = Release|Any CPU
		{268808CD-AFEC-4E7F-AA51-5D972C0678CA}.Ad-Hoc|iPhone.Build.0 = Release|Any CPU
		{268808CD-AFEC-4E7F-AA51-5D972C0678CA}.Ad-Hoc|iPhoneSimulator.ActiveCfg = Release|Any CPU
		{268808CD-AFEC-4E7F-AA51-5D972C0678CA}.Ad-Hoc|iPhoneSimulator.Build.0 = Release|Any CPU
		{268808CD-AFEC-4E7F-AA51-5D972C0678CA}.Ad-Hoc|Mixed Platforms.ActiveCfg = Debug|Any CPU
		{268808CD-AFEC-4E7F-AA51-5D972C0678CA}.Ad-Hoc|Mixed Platforms.Build.0 = Debug|Any CPU
		{268808CD-AFEC-4E7F-AA51-5D972C0678CA}.Ad-Hoc|Mixed Platforms.Deploy.0 = Debug|Any CPU
		{268808CD-AFEC-4E7F-AA51-5D972C0678CA}.Ad-Hoc|x64.ActiveCfg = Release|Any CPU
		{268808CD-AFEC-4E7F-AA51-5D972C0678CA}.Ad-Hoc|x86.ActiveCfg = Release|Any CPU
		{268808CD-AFEC-4E7F-AA51-5D972C0678CA}.AppStore|Any CPU.ActiveCfg = Debug|Any CPU
		{268808CD-AFEC-4E7F-AA51-5D972C0678CA}.AppStore|Any CPU.Build.0 = Debug|Any CPU
		{268808CD-AFEC-4E7F-AA51-5D972C0678CA}.AppStore|Any CPU.Deploy.0 = Debug|Any CPU
		{268808CD-AFEC-4E7F-AA51-5D972C0678CA}.AppStore|ARM.ActiveCfg = Release|Any CPU
		{268808CD-AFEC-4E7F-AA51-5D972C0678CA}.AppStore|iPhone.ActiveCfg = Release|Any CPU
		{268808CD-AFEC-4E7F-AA51-5D972C0678CA}.AppStore|iPhone.Build.0 = Release|Any CPU
		{268808CD-AFEC-4E7F-AA51-5D972C0678CA}.AppStore|iPhoneSimulator.ActiveCfg = Release|Any CPU
		{268808CD-AFEC-4E7F-AA51-5D972C0678CA}.AppStore|iPhoneSimulator.Build.0 = Release|Any CPU
		{268808CD-AFEC-4E7F-AA51-5D972C0678CA}.AppStore|Mixed Platforms.ActiveCfg = Debug|Any CPU
		{268808CD-AFEC-4E7F-AA51-5D972C0678CA}.AppStore|Mixed Platforms.Build.0 = Debug|Any CPU
		{268808CD-AFEC-4E7F-AA51-5D972C0678CA}.AppStore|Mixed Platforms.Deploy.0 = Debug|Any CPU
		{268808CD-AFEC-4E7F-AA51-5D972C0678CA}.AppStore|x64.ActiveCfg = Release|Any CPU
		{268808CD-AFEC-4E7F-AA51-5D972C0678CA}.AppStore|x86.ActiveCfg = Release|Any CPU
		{268808CD-AFEC-4E7F-AA51-5D972C0678CA}.Debug|Any CPU.ActiveCfg = Debug|Any CPU
		{268808CD-AFEC-4E7F-AA51-5D972C0678CA}.Debug|Any CPU.Build.0 = Debug|Any CPU
		{268808CD-AFEC-4E7F-AA51-5D972C0678CA}.Debug|Any CPU.Deploy.0 = Debug|Any CPU
		{268808CD-AFEC-4E7F-AA51-5D972C0678CA}.Debug|ARM.ActiveCfg = Debug|Any CPU
		{268808CD-AFEC-4E7F-AA51-5D972C0678CA}.Debug|iPhone.ActiveCfg = Debug|Any CPU
		{268808CD-AFEC-4E7F-AA51-5D972C0678CA}.Debug|iPhone.Build.0 = Debug|Any CPU
		{268808CD-AFEC-4E7F-AA51-5D972C0678CA}.Debug|iPhoneSimulator.ActiveCfg = Debug|Any CPU
		{268808CD-AFEC-4E7F-AA51-5D972C0678CA}.Debug|iPhoneSimulator.Build.0 = Debug|Any CPU
		{268808CD-AFEC-4E7F-AA51-5D972C0678CA}.Debug|Mixed Platforms.ActiveCfg = Debug|Any CPU
		{268808CD-AFEC-4E7F-AA51-5D972C0678CA}.Debug|Mixed Platforms.Build.0 = Debug|Any CPU
		{268808CD-AFEC-4E7F-AA51-5D972C0678CA}.Debug|Mixed Platforms.Deploy.0 = Debug|Any CPU
		{268808CD-AFEC-4E7F-AA51-5D972C0678CA}.Debug|x64.ActiveCfg = Debug|Any CPU
		{268808CD-AFEC-4E7F-AA51-5D972C0678CA}.Debug|x86.ActiveCfg = Debug|Any CPU
		{268808CD-AFEC-4E7F-AA51-5D972C0678CA}.Release|Any CPU.ActiveCfg = Release|Any CPU
		{268808CD-AFEC-4E7F-AA51-5D972C0678CA}.Release|Any CPU.Build.0 = Release|Any CPU
		{268808CD-AFEC-4E7F-AA51-5D972C0678CA}.Release|Any CPU.Deploy.0 = Release|Any CPU
		{268808CD-AFEC-4E7F-AA51-5D972C0678CA}.Release|ARM.ActiveCfg = Release|Any CPU
		{268808CD-AFEC-4E7F-AA51-5D972C0678CA}.Release|iPhone.ActiveCfg = Release|Any CPU
		{268808CD-AFEC-4E7F-AA51-5D972C0678CA}.Release|iPhone.Build.0 = Release|Any CPU
		{268808CD-AFEC-4E7F-AA51-5D972C0678CA}.Release|iPhoneSimulator.ActiveCfg = Release|Any CPU
		{268808CD-AFEC-4E7F-AA51-5D972C0678CA}.Release|iPhoneSimulator.Build.0 = Release|Any CPU
		{268808CD-AFEC-4E7F-AA51-5D972C0678CA}.Release|Mixed Platforms.ActiveCfg = Release|Any CPU
		{268808CD-AFEC-4E7F-AA51-5D972C0678CA}.Release|Mixed Platforms.Build.0 = Release|Any CPU
		{268808CD-AFEC-4E7F-AA51-5D972C0678CA}.Release|Mixed Platforms.Deploy.0 = Release|Any CPU
		{268808CD-AFEC-4E7F-AA51-5D972C0678CA}.Release|x64.ActiveCfg = Release|Any CPU
		{268808CD-AFEC-4E7F-AA51-5D972C0678CA}.Release|x86.ActiveCfg = Release|Any CPU
		{4C16D330-1A90-4BF1-886D-FA7FCF6676F2}.Ad-Hoc|Any CPU.ActiveCfg = Release|Any CPU
		{4C16D330-1A90-4BF1-886D-FA7FCF6676F2}.Ad-Hoc|Any CPU.Build.0 = Release|Any CPU
		{4C16D330-1A90-4BF1-886D-FA7FCF6676F2}.Ad-Hoc|Any CPU.Deploy.0 = Release|Any CPU
		{4C16D330-1A90-4BF1-886D-FA7FCF6676F2}.Ad-Hoc|ARM.ActiveCfg = Release|ARM
		{4C16D330-1A90-4BF1-886D-FA7FCF6676F2}.Ad-Hoc|ARM.Build.0 = Release|ARM
		{4C16D330-1A90-4BF1-886D-FA7FCF6676F2}.Ad-Hoc|ARM.Deploy.0 = Release|ARM
		{4C16D330-1A90-4BF1-886D-FA7FCF6676F2}.Ad-Hoc|iPhone.ActiveCfg = Release|Any CPU
		{4C16D330-1A90-4BF1-886D-FA7FCF6676F2}.Ad-Hoc|iPhoneSimulator.ActiveCfg = Release|Any CPU
		{4C16D330-1A90-4BF1-886D-FA7FCF6676F2}.Ad-Hoc|Mixed Platforms.ActiveCfg = Release|x86
		{4C16D330-1A90-4BF1-886D-FA7FCF6676F2}.Ad-Hoc|Mixed Platforms.Build.0 = Release|x86
		{4C16D330-1A90-4BF1-886D-FA7FCF6676F2}.Ad-Hoc|Mixed Platforms.Deploy.0 = Release|x86
		{4C16D330-1A90-4BF1-886D-FA7FCF6676F2}.Ad-Hoc|x64.ActiveCfg = Release|x64
		{4C16D330-1A90-4BF1-886D-FA7FCF6676F2}.Ad-Hoc|x64.Build.0 = Release|x64
		{4C16D330-1A90-4BF1-886D-FA7FCF6676F2}.Ad-Hoc|x64.Deploy.0 = Release|x64
		{4C16D330-1A90-4BF1-886D-FA7FCF6676F2}.Ad-Hoc|x86.ActiveCfg = Release|x86
		{4C16D330-1A90-4BF1-886D-FA7FCF6676F2}.Ad-Hoc|x86.Build.0 = Release|x86
		{4C16D330-1A90-4BF1-886D-FA7FCF6676F2}.Ad-Hoc|x86.Deploy.0 = Release|x86
		{4C16D330-1A90-4BF1-886D-FA7FCF6676F2}.AppStore|Any CPU.ActiveCfg = Release|Any CPU
		{4C16D330-1A90-4BF1-886D-FA7FCF6676F2}.AppStore|Any CPU.Build.0 = Release|Any CPU
		{4C16D330-1A90-4BF1-886D-FA7FCF6676F2}.AppStore|Any CPU.Deploy.0 = Release|Any CPU
		{4C16D330-1A90-4BF1-886D-FA7FCF6676F2}.AppStore|ARM.ActiveCfg = Release|ARM
		{4C16D330-1A90-4BF1-886D-FA7FCF6676F2}.AppStore|ARM.Build.0 = Release|ARM
		{4C16D330-1A90-4BF1-886D-FA7FCF6676F2}.AppStore|ARM.Deploy.0 = Release|ARM
		{4C16D330-1A90-4BF1-886D-FA7FCF6676F2}.AppStore|iPhone.ActiveCfg = Release|Any CPU
		{4C16D330-1A90-4BF1-886D-FA7FCF6676F2}.AppStore|iPhoneSimulator.ActiveCfg = Release|Any CPU
		{4C16D330-1A90-4BF1-886D-FA7FCF6676F2}.AppStore|Mixed Platforms.ActiveCfg = Release|x86
		{4C16D330-1A90-4BF1-886D-FA7FCF6676F2}.AppStore|Mixed Platforms.Build.0 = Release|x86
		{4C16D330-1A90-4BF1-886D-FA7FCF6676F2}.AppStore|Mixed Platforms.Deploy.0 = Release|x86
		{4C16D330-1A90-4BF1-886D-FA7FCF6676F2}.AppStore|x64.ActiveCfg = Release|x64
		{4C16D330-1A90-4BF1-886D-FA7FCF6676F2}.AppStore|x64.Build.0 = Release|x64
		{4C16D330-1A90-4BF1-886D-FA7FCF6676F2}.AppStore|x64.Deploy.0 = Release|x64
		{4C16D330-1A90-4BF1-886D-FA7FCF6676F2}.AppStore|x86.ActiveCfg = Release|x86
		{4C16D330-1A90-4BF1-886D-FA7FCF6676F2}.AppStore|x86.Build.0 = Release|x86
		{4C16D330-1A90-4BF1-886D-FA7FCF6676F2}.AppStore|x86.Deploy.0 = Release|x86
		{4C16D330-1A90-4BF1-886D-FA7FCF6676F2}.Debug|Any CPU.ActiveCfg = Debug|Any CPU
		{4C16D330-1A90-4BF1-886D-FA7FCF6676F2}.Debug|Any CPU.Build.0 = Debug|Any CPU
		{4C16D330-1A90-4BF1-886D-FA7FCF6676F2}.Debug|Any CPU.Deploy.0 = Debug|Any CPU
		{4C16D330-1A90-4BF1-886D-FA7FCF6676F2}.Debug|ARM.ActiveCfg = Debug|ARM
		{4C16D330-1A90-4BF1-886D-FA7FCF6676F2}.Debug|ARM.Build.0 = Debug|ARM
		{4C16D330-1A90-4BF1-886D-FA7FCF6676F2}.Debug|ARM.Deploy.0 = Debug|ARM
		{4C16D330-1A90-4BF1-886D-FA7FCF6676F2}.Debug|iPhone.ActiveCfg = Debug|Any CPU
		{4C16D330-1A90-4BF1-886D-FA7FCF6676F2}.Debug|iPhoneSimulator.ActiveCfg = Debug|Any CPU
		{4C16D330-1A90-4BF1-886D-FA7FCF6676F2}.Debug|Mixed Platforms.ActiveCfg = Debug|x86
		{4C16D330-1A90-4BF1-886D-FA7FCF6676F2}.Debug|Mixed Platforms.Build.0 = Debug|x86
		{4C16D330-1A90-4BF1-886D-FA7FCF6676F2}.Debug|Mixed Platforms.Deploy.0 = Debug|x86
		{4C16D330-1A90-4BF1-886D-FA7FCF6676F2}.Debug|x64.ActiveCfg = Debug|x64
		{4C16D330-1A90-4BF1-886D-FA7FCF6676F2}.Debug|x64.Build.0 = Debug|x64
		{4C16D330-1A90-4BF1-886D-FA7FCF6676F2}.Debug|x64.Deploy.0 = Debug|x64
		{4C16D330-1A90-4BF1-886D-FA7FCF6676F2}.Debug|x86.ActiveCfg = Debug|x86
		{4C16D330-1A90-4BF1-886D-FA7FCF6676F2}.Debug|x86.Build.0 = Debug|x86
		{4C16D330-1A90-4BF1-886D-FA7FCF6676F2}.Debug|x86.Deploy.0 = Debug|x86
		{4C16D330-1A90-4BF1-886D-FA7FCF6676F2}.Release|Any CPU.ActiveCfg = Release|Any CPU
		{4C16D330-1A90-4BF1-886D-FA7FCF6676F2}.Release|Any CPU.Build.0 = Release|Any CPU
		{4C16D330-1A90-4BF1-886D-FA7FCF6676F2}.Release|Any CPU.Deploy.0 = Release|Any CPU
		{4C16D330-1A90-4BF1-886D-FA7FCF6676F2}.Release|ARM.ActiveCfg = Release|ARM
		{4C16D330-1A90-4BF1-886D-FA7FCF6676F2}.Release|ARM.Build.0 = Release|ARM
		{4C16D330-1A90-4BF1-886D-FA7FCF6676F2}.Release|ARM.Deploy.0 = Release|ARM
		{4C16D330-1A90-4BF1-886D-FA7FCF6676F2}.Release|iPhone.ActiveCfg = Release|Any CPU
		{4C16D330-1A90-4BF1-886D-FA7FCF6676F2}.Release|iPhoneSimulator.ActiveCfg = Release|Any CPU
		{4C16D330-1A90-4BF1-886D-FA7FCF6676F2}.Release|Mixed Platforms.ActiveCfg = Release|x86
		{4C16D330-1A90-4BF1-886D-FA7FCF6676F2}.Release|Mixed Platforms.Build.0 = Release|x86
		{4C16D330-1A90-4BF1-886D-FA7FCF6676F2}.Release|Mixed Platforms.Deploy.0 = Release|x86
		{4C16D330-1A90-4BF1-886D-FA7FCF6676F2}.Release|x64.ActiveCfg = Release|x64
		{4C16D330-1A90-4BF1-886D-FA7FCF6676F2}.Release|x64.Build.0 = Release|x64
		{4C16D330-1A90-4BF1-886D-FA7FCF6676F2}.Release|x64.Deploy.0 = Release|x64
		{4C16D330-1A90-4BF1-886D-FA7FCF6676F2}.Release|x86.ActiveCfg = Release|x86
		{4C16D330-1A90-4BF1-886D-FA7FCF6676F2}.Release|x86.Build.0 = Release|x86
		{4C16D330-1A90-4BF1-886D-FA7FCF6676F2}.Release|x86.Deploy.0 = Release|x86
		{73452575-4410-449D-B0DE-808D72885C3B}.Ad-Hoc|Any CPU.ActiveCfg = Release|Any CPU
		{73452575-4410-449D-B0DE-808D72885C3B}.Ad-Hoc|Any CPU.Build.0 = Release|Any CPU
		{73452575-4410-449D-B0DE-808D72885C3B}.Ad-Hoc|Any CPU.Deploy.0 = Release|Any CPU
		{73452575-4410-449D-B0DE-808D72885C3B}.Ad-Hoc|ARM.ActiveCfg = Release|ARM
		{73452575-4410-449D-B0DE-808D72885C3B}.Ad-Hoc|ARM.Build.0 = Release|ARM
		{73452575-4410-449D-B0DE-808D72885C3B}.Ad-Hoc|ARM.Deploy.0 = Release|ARM
		{73452575-4410-449D-B0DE-808D72885C3B}.Ad-Hoc|iPhone.ActiveCfg = Release|Any CPU
		{73452575-4410-449D-B0DE-808D72885C3B}.Ad-Hoc|iPhoneSimulator.ActiveCfg = Release|Any CPU
		{73452575-4410-449D-B0DE-808D72885C3B}.Ad-Hoc|Mixed Platforms.ActiveCfg = Release|x86
		{73452575-4410-449D-B0DE-808D72885C3B}.Ad-Hoc|Mixed Platforms.Build.0 = Release|x86
		{73452575-4410-449D-B0DE-808D72885C3B}.Ad-Hoc|Mixed Platforms.Deploy.0 = Release|x86
		{73452575-4410-449D-B0DE-808D72885C3B}.Ad-Hoc|x64.ActiveCfg = Release|Any CPU
		{73452575-4410-449D-B0DE-808D72885C3B}.Ad-Hoc|x86.ActiveCfg = Release|x86
		{73452575-4410-449D-B0DE-808D72885C3B}.Ad-Hoc|x86.Build.0 = Release|x86
		{73452575-4410-449D-B0DE-808D72885C3B}.Ad-Hoc|x86.Deploy.0 = Release|x86
		{73452575-4410-449D-B0DE-808D72885C3B}.AppStore|Any CPU.ActiveCfg = Release|Any CPU
		{73452575-4410-449D-B0DE-808D72885C3B}.AppStore|Any CPU.Build.0 = Release|Any CPU
		{73452575-4410-449D-B0DE-808D72885C3B}.AppStore|Any CPU.Deploy.0 = Release|Any CPU
		{73452575-4410-449D-B0DE-808D72885C3B}.AppStore|ARM.ActiveCfg = Release|ARM
		{73452575-4410-449D-B0DE-808D72885C3B}.AppStore|ARM.Build.0 = Release|ARM
		{73452575-4410-449D-B0DE-808D72885C3B}.AppStore|ARM.Deploy.0 = Release|ARM
		{73452575-4410-449D-B0DE-808D72885C3B}.AppStore|iPhone.ActiveCfg = Release|Any CPU
		{73452575-4410-449D-B0DE-808D72885C3B}.AppStore|iPhoneSimulator.ActiveCfg = Release|Any CPU
		{73452575-4410-449D-B0DE-808D72885C3B}.AppStore|Mixed Platforms.ActiveCfg = Release|x86
		{73452575-4410-449D-B0DE-808D72885C3B}.AppStore|Mixed Platforms.Build.0 = Release|x86
		{73452575-4410-449D-B0DE-808D72885C3B}.AppStore|Mixed Platforms.Deploy.0 = Release|x86
		{73452575-4410-449D-B0DE-808D72885C3B}.AppStore|x64.ActiveCfg = Release|Any CPU
		{73452575-4410-449D-B0DE-808D72885C3B}.AppStore|x86.ActiveCfg = Release|x86
		{73452575-4410-449D-B0DE-808D72885C3B}.AppStore|x86.Build.0 = Release|x86
		{73452575-4410-449D-B0DE-808D72885C3B}.AppStore|x86.Deploy.0 = Release|x86
		{73452575-4410-449D-B0DE-808D72885C3B}.Debug|Any CPU.ActiveCfg = Debug|Any CPU
		{73452575-4410-449D-B0DE-808D72885C3B}.Debug|Any CPU.Build.0 = Debug|Any CPU
		{73452575-4410-449D-B0DE-808D72885C3B}.Debug|Any CPU.Deploy.0 = Debug|Any CPU
		{73452575-4410-449D-B0DE-808D72885C3B}.Debug|ARM.ActiveCfg = Debug|ARM
		{73452575-4410-449D-B0DE-808D72885C3B}.Debug|ARM.Build.0 = Debug|ARM
		{73452575-4410-449D-B0DE-808D72885C3B}.Debug|ARM.Deploy.0 = Debug|ARM
		{73452575-4410-449D-B0DE-808D72885C3B}.Debug|iPhone.ActiveCfg = Debug|Any CPU
		{73452575-4410-449D-B0DE-808D72885C3B}.Debug|iPhoneSimulator.ActiveCfg = Debug|Any CPU
		{73452575-4410-449D-B0DE-808D72885C3B}.Debug|Mixed Platforms.ActiveCfg = Debug|x86
		{73452575-4410-449D-B0DE-808D72885C3B}.Debug|Mixed Platforms.Build.0 = Debug|x86
		{73452575-4410-449D-B0DE-808D72885C3B}.Debug|Mixed Platforms.Deploy.0 = Debug|x86
		{73452575-4410-449D-B0DE-808D72885C3B}.Debug|x64.ActiveCfg = Debug|Any CPU
		{73452575-4410-449D-B0DE-808D72885C3B}.Debug|x86.ActiveCfg = Debug|x86
		{73452575-4410-449D-B0DE-808D72885C3B}.Debug|x86.Build.0 = Debug|x86
		{73452575-4410-449D-B0DE-808D72885C3B}.Debug|x86.Deploy.0 = Debug|x86
		{73452575-4410-449D-B0DE-808D72885C3B}.Release|Any CPU.ActiveCfg = Release|Any CPU
		{73452575-4410-449D-B0DE-808D72885C3B}.Release|Any CPU.Build.0 = Release|Any CPU
		{73452575-4410-449D-B0DE-808D72885C3B}.Release|Any CPU.Deploy.0 = Release|Any CPU
		{73452575-4410-449D-B0DE-808D72885C3B}.Release|ARM.ActiveCfg = Release|ARM
		{73452575-4410-449D-B0DE-808D72885C3B}.Release|ARM.Build.0 = Release|ARM
		{73452575-4410-449D-B0DE-808D72885C3B}.Release|ARM.Deploy.0 = Release|ARM
		{73452575-4410-449D-B0DE-808D72885C3B}.Release|iPhone.ActiveCfg = Release|Any CPU
		{73452575-4410-449D-B0DE-808D72885C3B}.Release|iPhoneSimulator.ActiveCfg = Release|Any CPU
		{73452575-4410-449D-B0DE-808D72885C3B}.Release|Mixed Platforms.ActiveCfg = Release|x86
		{73452575-4410-449D-B0DE-808D72885C3B}.Release|Mixed Platforms.Build.0 = Release|x86
		{73452575-4410-449D-B0DE-808D72885C3B}.Release|Mixed Platforms.Deploy.0 = Release|x86
		{73452575-4410-449D-B0DE-808D72885C3B}.Release|x64.ActiveCfg = Release|Any CPU
		{73452575-4410-449D-B0DE-808D72885C3B}.Release|x86.ActiveCfg = Release|x86
		{73452575-4410-449D-B0DE-808D72885C3B}.Release|x86.Build.0 = Release|x86
		{73452575-4410-449D-B0DE-808D72885C3B}.Release|x86.Deploy.0 = Release|x86
	EndGlobalSection
	GlobalSection(SolutionProperties) = preSolution
		HideSolutionNode = FALSE
	EndGlobalSection
	GlobalSection(MonoDevelopProperties) = preSolution
		StartupItem = CreditCardValidation.Droid\CreditCardValidation.Droid.csproj
	EndGlobalSection
EndGlobal
